
Microsoft Visual Studio Solution File, Format Version 11.00
# Visual Studio 2010
Project("{FAE04EC0-301F-11D3-BF4B-00C04F79EFBC}") = "Entidades", "Entidades\Entidades.csproj", "{76BEF22F-29FC-423A-8ED1-A1A66AB6E8FF}"
EndProject
Project("{FAE04EC0-301F-11D3-BF4B-00C04F79EFBC}") = "MapeoDeDatos", "MapeoDeDatos\MapeoDeDatos.csproj", "{DE62ED2A-E2AF-4125-98C7-B0DD8B5F0A89}"
EndProject
Project("{FAE04EC0-301F-11D3-BF4B-00C04F79EFBC}") = "Interfaces", "Interfaces\Interfaces.csproj", "{C5407641-25FC-4B8B-B16F-42C00408FCA4}"
EndProject
Global
	GlobalSection(SolutionConfigurationPlatforms) = preSolution
		Debug|Any CPU = Debug|Any CPU
		Debug|Mixed Platforms = Debug|Mixed Platforms
		Debug|x86 = Debug|x86
		Release|Any CPU = Release|Any CPU
		Release|Mixed Platforms = Release|Mixed Platforms
		Release|x86 = Release|x86
	EndGlobalSection
	GlobalSection(ProjectConfigurationPlatforms) = postSolution
		{76BEF22F-29FC-423A-8ED1-A1A66AB6E8FF}.Debug|Any CPU.ActiveCfg = Debug|Any CPU
		{76BEF22F-29FC-423A-8ED1-A1A66AB6E8FF}.Debug|Any CPU.Build.0 = Debug|Any CPU
		{76BEF22F-29FC-423A-8ED1-A1A66AB6E8FF}.Debug|Mixed Platforms.ActiveCfg = Debug|Any CPU
		{76BEF22F-29FC-423A-8ED1-A1A66AB6E8FF}.Debug|Mixed Platforms.Build.0 = Debug|Any CPU
		{76BEF22F-29FC-423A-8ED1-A1A66AB6E8FF}.Debug|x86.ActiveCfg = Debug|Any CPU
		{76BEF22F-29FC-423A-8ED1-A1A66AB6E8FF}.Release|Any CPU.ActiveCfg = Release|Any CPU
		{76BEF22F-29FC-423A-8ED1-A1A66AB6E8FF}.Release|Any CPU.Build.0 = Release|Any CPU
		{76BEF22F-29FC-423A-8ED1-A1A66AB6E8FF}.Release|Mixed Platforms.ActiveCfg = Release|Any CPU
		{76BEF22F-29FC-423A-8ED1-A1A66AB6E8FF}.Release|Mixed Platforms.Build.0 = Release|Any CPU
		{76BEF22F-29FC-423A-8ED1-A1A66AB6E8FF}.Release|x86.ActiveCfg = Release|Any CPU
		{DE62ED2A-E2AF-4125-98C7-B0DD8B5F0A89}.Debug|Any CPU.ActiveCfg = Debug|Any CPU
		{DE62ED2A-E2AF-4125-98C7-B0DD8B5F0A89}.Debug|Any CPU.Build.0 = Debug|Any CPU
		{DE62ED2A-E2AF-4125-98C7-B0DD8B5F0A89}.Debug|Mixed Platforms.ActiveCfg = Debug|Any CPU
		{DE62ED2A-E2AF-4125-98C7-B0DD8B5F0A89}.Debug|Mixed Platforms.Build.0 = Debug|Any CPU
		{DE62ED2A-E2AF-4125-98C7-B0DD8B5F0A89}.Debug|x86.ActiveCfg = Debug|Any CPU
		{DE62ED2A-E2AF-4125-98C7-B0DD8B5F0A89}.Release|Any CPU.ActiveCfg = Release|Any CPU
		{DE62ED2A-E2AF-4125-98C7-B0DD8B5F0A89}.Release|Any CPU.Build.0 = Release|Any CPU
		{DE62ED2A-E2AF-4125-98C7-B0DD8B5F0A89}.Release|Mixed Platforms.ActiveCfg = Release|Any CPU
		{DE62ED2A-E2AF-4125-98C7-B0DD8B5F0A89}.Release|Mixed Platforms.Build.0 = Release|Any CPU
		{DE62ED2A-E2AF-4125-98C7-B0DD8B5F0A89}.Release|x86.ActiveCfg = Release|Any CPU
		{C5407641-25FC-4B8B-B16F-42C00408FCA4}.Debug|Any CPU.ActiveCfg = Debug|x86
		{C5407641-25FC-4B8B-B16F-42C00408FCA4}.Debug|Mixed Platforms.ActiveCfg = Debug|x86
		{C5407641-25FC-4B8B-B16F-42C00408FCA4}.Debug|Mixed Platforms.Build.0 = Debug|x86
		{C5407641-25FC-4B8B-B16F-42C00408FCA4}.Debug|x86.ActiveCfg = Debug|x86
		{C5407641-25FC-4B8B-B16F-42C00408FCA4}.Debug|x86.Build.0 = Debug|x86
		{C5407641-25FC-4B8B-B16F-42C00408FCA4}.Release|Any CPU.ActiveCfg = Release|x86
		{C5407641-25FC-4B8B-B16F-42C00408FCA4}.Release|Mixed Platforms.ActiveCfg = Release|x86
		{C5407641-25FC-4B8B-B16F-42C00408FCA4}.Release|Mixed Platforms.Build.0 = Release|x86
		{C5407641-25FC-4B8B-B16F-42C00408FCA4}.Release|x86.ActiveCfg = Release|x86
		{C5407641-25FC-4B8B-B16F-42C00408FCA4}.Release|x86.Build.0 = Release|x86
	EndGlobalSection
	GlobalSection(SolutionProperties) = preSolution
		HideSolutionNode = FALSE
	EndGlobalSection
EndGlobal
